<?xml version="1.0" encoding="utf-8"?>
<Project ToolsVersion="4.0" xmlns="http://schemas.microsoft.com/developer/msbuild/2003">
  <ItemGroup>
    <Filter Include="Source Files">
      <UniqueIdentifier>{4FC737F1-C7A5-4376-A066-2A32D752A2FF}</UniqueIdentifier>
      <Extensions>cpp;c;cc;cxx;def;odl;idl;hpj;bat;asm;asmx</Extensions>
    </Filter>
    <Filter Include="Header Files">
      <UniqueIdentifier>{93995380-89BD-4b04-88EB-625FBE52EBFB}</UniqueIdentifier>
      <Extensions>h;hh;hpp;hxx;hm;inl;inc;xsd</Extensions>
    </Filter>
    <Filter Include="Resource Files">
      <UniqueIdentifier>{67DA6AB6-F800-4c08-8B7A-83BB121AAD01}</UniqueIdentifier>
      <Extensions>rc;ico;cur;bmp;dlg;rc2;rct;bin;rgs;gif;jpg;jpeg;jpe;resx;tiff;tif;png;wav;mfcribbon-ms</Extensions>
    </Filter>
    <Filter Include="DirectXTex">
      <UniqueIdentifier>{e33768ca-cb37-40a4-b1d4-c5ed4e2f1708}</UniqueIdentifier>
    </Filter>
  </ItemGroup>
  <ItemGroup>
    <Text Include="ReadMe.txt" />
  </ItemGroup>
  <ItemGroup>
    <ClInclude Include="stdafx.h">
      <Filter>Header Files</Filter>
    </ClInclude>
    <ClInclude Include="targetver.h">
      <Filter>Header Files</Filter>
    </ClInclude>
    <ClInclude Include="..\DirectXTex\DirectXTex\BC.h">
      <Filter>DirectXTex</Filter>
    </ClInclude>
    <ClInclude Include="..\DirectXTex\DirectXTex\BCDirectCompute.h">
      <Filter>DirectXTex</Filter>
    </ClInclude>
    <ClInclude Include="..\DirectXTex\DirectXTex\DDS.h">
      <Filter>DirectXTex</Filter>
    </ClInclude>
    <ClInclude Include="..\DirectXTex\DirectXTex\DirectXTex.h">
      <Filter>DirectXTex</Filter>
    </ClInclude>
    <ClInclude Include="..\DirectXTex\DirectXTex\DirectXTexP.h">
      <Filter>DirectXTex</Filter>
    </ClInclude>
    <ClInclude Include="..\DirectXTex\DirectXTex\Filters.h">
      <Filter>DirectXTex</Filter>
    </ClInclude>
    <ClInclude Include="..\DirectXTex\DirectXTex\scoped.h">
      <Filter>DirectXTex</Filter>
    </ClInclude>
  </ItemGroup>
  <ItemGroup>
    <ClCompile Include="gta5-extended-video-export-test.cpp">
      <Filter>Source Files</Filter>
    </ClCompile>
    <ClCompile Include="..\gta5-extended-video-export\config.cpp">
      <Filter>Source Files</Filter>
    </ClCompile>
    <ClCompile Include="..\gta5-extended-video-export\dllmain.cpp">
      <Filter>Source Files</Filter>
    </ClCompile>
    <ClCompile Include="..\gta5-extended-video-export\encoder.cpp">
      <Filter>Source Files</Filter>
    </ClCompile>
    <ClCompile Include="..\gta5-extended-video-export\logger.cpp">
      <Filter>Source Files</Filter>
    </ClCompile>
    <ClCompile Include="..\gta5-extended-video-export\script.cpp">
      <Filter>Source Files</Filter>
    </ClCompile>
    <ClCompile Include="..\gta5-extended-video-export\yara-helper.cpp">
      <Filter>Source Files</Filter>
    </ClCompile>
    <ClCompile Include="..\DirectXTex\DirectXTex\BC.cpp">
      <Filter>DirectXTex</Filter>
    </ClCompile>
    <ClCompile Include="..\DirectXTex\DirectXTex\BC4BC5.cpp">
      <Filter>DirectXTex</Filter>
    </ClCompile>
    <ClCompile Include="..\DirectXTex\DirectXTex\BC6HBC7.cpp">
      <Filter>DirectXTex</Filter>
    </ClCompile>
    <ClCompile Include="..\DirectXTex\DirectXTex\BCDirectCompute.cpp">
      <Filter>DirectXTex</Filter>
    </ClCompile>
    <ClCompile Include="..\DirectXTex\DirectXTex\DirectXTexCompress.cpp">
      <Filter>DirectXTex</Filter>
    </ClCompile>
    <ClCompile Include="..\DirectXTex\DirectXTex\DirectXTexCompressGPU.cpp">
      <Filter>DirectXTex</Filter>
    </ClCompile>
    <ClCompile Include="..\DirectXTex\DirectXTex\DirectXTexConvert.cpp">
      <Filter>DirectXTex</Filter>
    </ClCompile>
    <ClCompile Include="..\DirectXTex\DirectXTex\DirectXTexD3D11.cpp">
      <Filter>DirectXTex</Filter>
    </ClCompile>
    <ClCompile Include="..\DirectXTex\DirectXTex\DirectXTexDDS.cpp">
      <Filter>DirectXTex</Filter>
    </ClCompile>
    <ClCompile Include="..\DirectXTex\DirectXTex\DirectXTexFlipRotate.cpp">
      <Filter>DirectXTex</Filter>
    </ClCompile>
    <ClCompile Include="..\DirectXTex\DirectXTex\DirectXTexHDR.cpp">
      <Filter>DirectXTex</Filter>
    </ClCompile>
    <ClCompile Include="..\DirectXTex\DirectXTex\DirectXTexImage.cpp">
      <Filter>DirectXTex</Filter>
    </ClCompile>
    <ClCompile Include="..\DirectXTex\DirectXTex\DirectXTexMipmaps.cpp">
      <Filter>DirectXTex</Filter>
    </ClCompile>
    <ClCompile Include="..\DirectXTex\DirectXTex\DirectXTexMisc.cpp">
      <Filter>DirectXTex</Filter>
    </ClCompile>
    <ClCompile Include="..\DirectXTex\DirectXTex\DirectXTexNormalMaps.cpp">
      <Filter>DirectXTex</Filter>
    </ClCompile>
    <ClCompile Include="..\DirectXTex\DirectXTex\DirectXTexPMAlpha.cpp">
      <Filter>DirectXTex</Filter>
    </ClCompile>
    <ClCompile Include="..\DirectXTex\DirectXTex\DirectXTexResize.cpp">
      <Filter>DirectXTex</Filter>
    </ClCompile>
    <ClCompile Include="..\DirectXTex\DirectXTex\DirectXTexTGA.cpp">
      <Filter>DirectXTex</Filter>
    </ClCompile>
    <ClCompile Include="..\DirectXTex\DirectXTex\DirectXTexUtil.cpp">
      <Filter>DirectXTex</Filter>
    </ClCompile>
    <ClCompile Include="..\DirectXTex\DirectXTex\DirectXTexWIC.cpp">
      <Filter>DirectXTex</Filter>
    </ClCompile>
  </ItemGroup>
  <ItemGroup>
    <None Include="..\DirectXTex\DirectXTex\DirectXTex.inl">
      <Filter>DirectXTex</Filter>
    </None>
  </ItemGroup>
</Project>