<?xml version="1.0" encoding="utf-8"?>
<Project ToolsVersion="4.0" xmlns="http://schemas.microsoft.com/developer/msbuild/2003">
  <ItemGroup>
    <Filter Include="Source Files">
      <UniqueIdentifier>{4FC737F1-C7A5-4376-A066-2A32D752A2FF}</UniqueIdentifier>
      <Extensions>cpp;c;cc;cxx;def;odl;idl;hpj;bat;asm;asmx</Extensions>
    </Filter>
    <Filter Include="Header Files">
      <UniqueIdentifier>{93995380-89BD-4b04-88EB-625FBE52EBFB}</UniqueIdentifier>
      <Extensions>h;hh;hpp;hxx;hm;inl;inc;xsd</Extensions>
    </Filter>
    <Filter Include="Resource Files">
      <UniqueIdentifier>{67DA6AB6-F800-4c08-8B7A-83BB121AAD01}</UniqueIdentifier>
      <Extensions>rc;ico;cur;bmp;dlg;rc2;rct;bin;rgs;gif;jpg;jpeg;jpe;resx;tiff;tif;png;wav;mfcribbon-ms</Extensions>
    </Filter>
    <Filter Include="ini">
      <UniqueIdentifier>{e9b46500-a24c-4b4c-a059-fd3c6c291bca}</UniqueIdentifier>
    </Filter>
    <Filter Include="Submodules">
      <UniqueIdentifier>{0eeed479-794c-41e6-8b2c-0aac6f0dc3c4}</UniqueIdentifier>
    </Filter>
    <Filter Include="Submodules\DirectXTex">
      <UniqueIdentifier>{6298d169-29b4-4bd4-ad96-96e909ee8967}</UniqueIdentifier>
    </Filter>
    <Filter Include="Submodules\DirectXTex\Header Files">
      <UniqueIdentifier>{dde0b9db-7bf6-4323-b4a0-2a49c7a20e9c}</UniqueIdentifier>
    </Filter>
    <Filter Include="Submodules\DirectXTex\Source Files">
      <UniqueIdentifier>{67468996-9eef-424f-bede-abf329d92d4f}</UniqueIdentifier>
    </Filter>
  </ItemGroup>
  <ItemGroup>
    <Text Include="ReadMe.txt" />
    <Text Include="AVCodecContextParams.txt" />
  </ItemGroup>
  <ItemGroup>
    <ClInclude Include="targetver.h">
      <Filter>Header Files</Filter>
    </ClInclude>
    <ClInclude Include="script.h">
      <Filter>Header Files</Filter>
    </ClInclude>
    <ClInclude Include="..\PolyHook\PolyHook\PolyHook.h">
      <Filter>Header Files</Filter>
    </ClInclude>
    <ClInclude Include="MFUtility.h">
      <Filter>Header Files</Filter>
    </ClInclude>
    <ClInclude Include="encoder.h">
      <Filter>Header Files</Filter>
    </ClInclude>
    <ClInclude Include="logger.h">
      <Filter>Header Files</Filter>
    </ClInclude>
    <ClInclude Include="config.h">
      <Filter>Header Files</Filter>
    </ClInclude>
    <ClInclude Include="..\DirectXTex\DirectXTex\BC.h">
      <Filter>Submodules\DirectXTex\Header Files</Filter>
    </ClInclude>
    <ClInclude Include="..\DirectXTex\DirectXTex\BCDirectCompute.h">
      <Filter>Submodules\DirectXTex\Header Files</Filter>
    </ClInclude>
    <ClInclude Include="..\DirectXTex\DirectXTex\DDS.h">
      <Filter>Submodules\DirectXTex\Header Files</Filter>
    </ClInclude>
    <ClInclude Include="..\DirectXTex\DirectXTex\DirectXTex.h">
      <Filter>Submodules\DirectXTex\Header Files</Filter>
    </ClInclude>
    <ClInclude Include="..\DirectXTex\DirectXTex\DirectXTexP.h">
      <Filter>Submodules\DirectXTex\Header Files</Filter>
    </ClInclude>
    <ClInclude Include="..\DirectXTex\DirectXTex\Filters.h">
      <Filter>Submodules\DirectXTex\Header Files</Filter>
    </ClInclude>
    <ClInclude Include="..\DirectXTex\DirectXTex\scoped.h">
      <Filter>Submodules\DirectXTex\Header Files</Filter>
    </ClInclude>
  </ItemGroup>
  <ItemGroup>
    <ClCompile Include="dllmain.cpp">
      <Filter>Source Files</Filter>
    </ClCompile>
    <ClCompile Include="script.cpp">
      <Filter>Source Files</Filter>
    </ClCompile>
    <ClCompile Include="..\PolyHook\PolyHook\PolyHook.cpp">
      <Filter>Source Files</Filter>
    </ClCompile>
    <ClCompile Include="custom-hooks.h">
      <Filter>Header Files</Filter>
    </ClCompile>
    <ClCompile Include="encoder.cpp">
      <Filter>Source Files</Filter>
    </ClCompile>
    <ClCompile Include="logger.cpp">
      <Filter>Source Files</Filter>
    </ClCompile>
    <ClCompile Include="..\DirectXTex\DirectXTex\BC.cpp">
      <Filter>Submodules\DirectXTex\Source Files</Filter>
    </ClCompile>
    <ClCompile Include="..\DirectXTex\DirectXTex\BC4BC5.cpp">
      <Filter>Submodules\DirectXTex\Source Files</Filter>
    </ClCompile>
    <ClCompile Include="..\DirectXTex\DirectXTex\BC6HBC7.cpp">
      <Filter>Submodules\DirectXTex\Source Files</Filter>
    </ClCompile>
    <ClCompile Include="..\DirectXTex\DirectXTex\BCDirectCompute.cpp">
      <Filter>Submodules\DirectXTex\Source Files</Filter>
    </ClCompile>
    <ClCompile Include="..\DirectXTex\DirectXTex\DirectXTexCompress.cpp">
      <Filter>Submodules\DirectXTex\Source Files</Filter>
    </ClCompile>
    <ClCompile Include="..\DirectXTex\DirectXTex\DirectXTexCompressGPU.cpp">
      <Filter>Submodules\DirectXTex\Source Files</Filter>
    </ClCompile>
    <ClCompile Include="..\DirectXTex\DirectXTex\DirectXTexConvert.cpp">
      <Filter>Submodules\DirectXTex\Source Files</Filter>
    </ClCompile>
    <ClCompile Include="..\DirectXTex\DirectXTex\DirectXTexD3D11.cpp">
      <Filter>Submodules\DirectXTex\Source Files</Filter>
    </ClCompile>
    <ClCompile Include="..\DirectXTex\DirectXTex\DirectXTexDDS.cpp">
      <Filter>Submodules\DirectXTex\Source Files</Filter>
    </ClCompile>
    <ClCompile Include="..\DirectXTex\DirectXTex\DirectXTexFlipRotate.cpp">
      <Filter>Submodules\DirectXTex\Source Files</Filter>
    </ClCompile>
    <ClCompile Include="..\DirectXTex\DirectXTex\DirectXTexHDR.cpp">
      <Filter>Submodules\DirectXTex\Source Files</Filter>
    </ClCompile>
    <ClCompile Include="..\DirectXTex\DirectXTex\DirectXTexImage.cpp">
      <Filter>Submodules\DirectXTex\Source Files</Filter>
    </ClCompile>
    <ClCompile Include="..\DirectXTex\DirectXTex\DirectXTexMipmaps.cpp">
      <Filter>Submodules\DirectXTex\Source Files</Filter>
    </ClCompile>
    <ClCompile Include="..\DirectXTex\DirectXTex\DirectXTexMisc.cpp">
      <Filter>Submodules\DirectXTex\Source Files</Filter>
    </ClCompile>
    <ClCompile Include="..\DirectXTex\DirectXTex\DirectXTexNormalMaps.cpp">
      <Filter>Submodules\DirectXTex\Source Files</Filter>
    </ClCompile>
    <ClCompile Include="..\DirectXTex\DirectXTex\DirectXTexPMAlpha.cpp">
      <Filter>Submodules\DirectXTex\Source Files</Filter>
    </ClCompile>
    <ClCompile Include="..\DirectXTex\DirectXTex\DirectXTexResize.cpp">
      <Filter>Submodules\DirectXTex\Source Files</Filter>
    </ClCompile>
    <ClCompile Include="..\DirectXTex\DirectXTex\DirectXTexTGA.cpp">
      <Filter>Submodules\DirectXTex\Source Files</Filter>
    </ClCompile>
    <ClCompile Include="..\DirectXTex\DirectXTex\DirectXTexUtil.cpp">
      <Filter>Submodules\DirectXTex\Source Files</Filter>
    </ClCompile>
    <ClCompile Include="..\DirectXTex\DirectXTex\DirectXTexWIC.cpp">
      <Filter>Submodules\DirectXTex\Source Files</Filter>
    </ClCompile>
  </ItemGroup>
  <ItemGroup>
    <None Include="default.ini">
      <Filter>ini</Filter>
    </None>
  </ItemGroup>
</Project>